
Microsoft Visual Studio Solution File, Format Version 12.00
# Visual Studio Version 16
VisualStudioVersion = 16.0.31205.134
MinimumVisualStudioVersion = 10.0.40219.1
Project("{FAE04EC0-301F-11D3-BF4B-00C04F79EFBC}") = "Soy_Agaci_Cizimi_Family_Tree", "Soy_Agaci_Cizimi_Family_Tree.csproj", "{B105D16C-ACBA-4DAC-80D1-4019B0A553CA}"
EndProject
Global
	GlobalSection(SolutionConfigurationPlatforms) = preSolution
		Debug|Any CPU = Debug|Any CPU
		Release|Any CPU = Release|Any CPU
	EndGlobalSection
	GlobalSection(ProjectConfigurationPlatforms) = postSolution
		{B105D16C-ACBA-4DAC-80D1-4019B0A553CA}.Debug|Any CPU.ActiveCfg = Debug|Any CPU
		{B105D16C-ACBA-4DAC-80D1-4019B0A553CA}.Debug|Any CPU.Build.0 = Debug|Any CPU
		{B105D16C-ACBA-4DAC-80D1-4019B0A553CA}.Release|Any CPU.ActiveCfg = Release|Any CPU
		{B105D16C-ACBA-4DAC-80D1-4019B0A553CA}.Release|Any CPU.Build.0 = Release|Any CPU
	EndGlobalSection
	GlobalSection(SolutionProperties) = preSolution
		HideSolutionNode = FALSE
	EndGlobalSection
	GlobalSection(ExtensibilityGlobals) = postSolution
		SolutionGuid = {9EB5647F-F3E9-4D29-8F05-BBBFA35920B4}
	EndGlobalSection
EndGlobal
